
Microsoft Visual Studio Solution File, Format Version 12.00
# Visual Studio 15
VisualStudioVersion = 15.0.27703.2018
MinimumVisualStudioVersion = 10.0.40219.1
Project("{F184B08F-C81C-45F6-A57F-5ABD9991F28F}") = "Employers Details", "Employers Details\Employers Details.vbproj", "{F8BC0E46-3182-44CF-9A27-EED1C6BD0F28}"
EndProject
Global
	GlobalSection(SolutionConfigurationPlatforms) = preSolution
		Debug|Any CPU = Debug|Any CPU
		Release|Any CPU = Release|Any CPU
	EndGlobalSection
	GlobalSection(ProjectConfigurationPlatforms) = postSolution
		{F8BC0E46-3182-44CF-9A27-EED1C6BD0F28}.Debug|Any CPU.ActiveCfg = Debug|Any CPU
		{F8BC0E46-3182-44CF-9A27-EED1C6BD0F28}.Debug|Any CPU.Build.0 = Debug|Any CPU
		{F8BC0E46-3182-44CF-9A27-EED1C6BD0F28}.Release|Any CPU.ActiveCfg = Release|Any CPU
		{F8BC0E46-3182-44CF-9A27-EED1C6BD0F28}.Release|Any CPU.Build.0 = Release|Any CPU
	EndGlobalSection
	GlobalSection(SolutionProperties) = preSolution
		HideSolutionNode = FALSE
	EndGlobalSection
	GlobalSection(ExtensibilityGlobals) = postSolution
		SolutionGuid = {E34C2227-32F4-47DB-BEB0-1AF8F1F85BBB}
	EndGlobalSection
EndGlobal
